// !$*UTF8*$!
{
	archiveVersion = 1;
	classes = {
	};
	objectVersion = 51;
	objects = {

/* Begin PBXBuildFile section */
		116D568DDAAAC0B3B4A41EC0 /* Pods_MC_Mazaya.framework in Frameworks */ = {isa = PBXBuildFile; fileRef = AA67390707D5EA351875ADF8 /* Pods_MC_Mazaya.framework */; };
		3B97E2C724A346D200D0D965 /* BaseCell.swift in Sources */ = {isa = PBXBuildFile; fileRef = 3B97E2C624A346D200D0D965 /* BaseCell.swift */; };
		3B97E2C924A346D900D0D965 /* BaseListController.swift in Sources */ = {isa = PBXBuildFile; fileRef = 3B97E2C824A346D900D0D965 /* BaseListController.swift */; };
		3B97E2CB24A346DC00D0D965 /* DownloaderX.swift in Sources */ = {isa = PBXBuildFile; fileRef = 3B97E2CA24A346DC00D0D965 /* DownloaderX.swift */; };
		3B97E2CD24A346E000D0D965 /* ExpertTabBarController.swift in Sources */ = {isa = PBXBuildFile; fileRef = 3B97E2CC24A346E000D0D965 /* ExpertTabBarController.swift */; };
		3B97E2CF24A346E400D0D965 /* HeaderCell.swift in Sources */ = {isa = PBXBuildFile; fileRef = 3B97E2CE24A346E300D0D965 /* HeaderCell.swift */; };
		3B97E2D124A346E700D0D965 /* MainTabBarController.swift in Sources */ = {isa = PBXBuildFile; fileRef = 3B97E2D024A346E700D0D965 /* MainTabBarController.swift */; };
		3BD352F624FD1D570053BC66 /* stc_font_light.otf in Resources */ = {isa = PBXBuildFile; fileRef = 3BD352F424FD1D560053BC66 /* stc_font_light.otf */; };
		3BD3530A24FD26260053BC66 /* CustomSegmentedControl.swift in Sources */ = {isa = PBXBuildFile; fileRef = 3BD3530824FD26250053BC66 /* CustomSegmentedControl.swift */; };
		3BD3530B24FD26260053BC66 /* CustomSegmentedControlDelegate.swift in Sources */ = {isa = PBXBuildFile; fileRef = 3BD3530924FD26260053BC66 /* CustomSegmentedControlDelegate.swift */; };
		3BD3530F24FDACA40053BC66 /* homePageViewController.swift in Sources */ = {isa = PBXBuildFile; fileRef = 3BD3530E24FDACA40053BC66 /* homePageViewController.swift */; };
		A92802EF2524946B00C67FB3 /* UISegmentedControl.swift in Sources */ = {isa = PBXBuildFile; fileRef = A92802EE2524946B00C67FB3 /* UISegmentedControl.swift */; };
		A99D996624FF8AB60035D2FF /* GoogleService-Info.plist in Resources */ = {isa = PBXBuildFile; fileRef = A99D996524FF8AB50035D2FF /* GoogleService-Info.plist */; };
		A99D996824FF93910035D2FF /* Utilities.swift in Sources */ = {isa = PBXBuildFile; fileRef = A99D996724FF93900035D2FF /* Utilities.swift */; };
		A99D996C24FF93B20035D2FF /* AddTrademark.swift in Sources */ = {isa = PBXBuildFile; fileRef = A99D996924FF93B20035D2FF /* AddTrademark.swift */; };
		A99D996D24FF93B20035D2FF /* AddOffersViewController.swift in Sources */ = {isa = PBXBuildFile; fileRef = A99D996A24FF93B20035D2FF /* AddOffersViewController.swift */; };
		A99D996E24FF93B20035D2FF /* BranchesViewController.swift in Sources */ = {isa = PBXBuildFile; fileRef = A99D996B24FF93B20035D2FF /* BranchesViewController.swift */; };
		D60B6BDD24FFA40E006552AC /* Category.swift in Sources */ = {isa = PBXBuildFile; fileRef = D60B6BDC24FFA40E006552AC /* Category.swift */; };
		D619D71224F16C570037150E /* MyFamilyViewController.swift in Sources */ = {isa = PBXBuildFile; fileRef = D619D71124F16C570037150E /* MyFamilyViewController.swift */; };
		D619D71424F171EB0037150E /* familyCell.swift in Sources */ = {isa = PBXBuildFile; fileRef = D619D71324F171EB0037150E /* familyCell.swift */; };
		D620C51D24B1C35E0085B937 /* MapViewController.swift in Sources */ = {isa = PBXBuildFile; fileRef = D620C51C24B1C35E0085B937 /* MapViewController.swift */; };
		D6381EA924AB3B1F004569D6 /* TabBarController.swift in Sources */ = {isa = PBXBuildFile; fileRef = D6381EA824AB3B1F004569D6 /* TabBarController.swift */; };
		D6381EAB24AC89F7004569D6 /* EditProfilePresenter.swift in Sources */ = {isa = PBXBuildFile; fileRef = D6381EAA24AC89F7004569D6 /* EditProfilePresenter.swift */; };
		D6381EAD24AC921D004569D6 /* profilePresenter.swift in Sources */ = {isa = PBXBuildFile; fileRef = D6381EAC24AC921D004569D6 /* profilePresenter.swift */; };
		D6381EB124ADD3F7004569D6 /* FamilyViewController.swift in Sources */ = {isa = PBXBuildFile; fileRef = D6381EB024ADD3F7004569D6 /* FamilyViewController.swift */; };
		D6381EB524ADD461004569D6 /* FavoriteViewController.swift in Sources */ = {isa = PBXBuildFile; fileRef = D6381EB424ADD461004569D6 /* FavoriteViewController.swift */; };
		D6381EB724ADD479004569D6 /* NewOffersViewController.swift in Sources */ = {isa = PBXBuildFile; fileRef = D6381EB624ADD479004569D6 /* NewOffersViewController.swift */; };
		D6381EB924ADD48E004569D6 /* UsedOffersViewController.swift in Sources */ = {isa = PBXBuildFile; fileRef = D6381EB824ADD48E004569D6 /* UsedOffersViewController.swift */; };
		D6381EBB24ADD4A5004569D6 /* SuggestOfferViewController.swift in Sources */ = {isa = PBXBuildFile; fileRef = D6381EBA24ADD4A5004569D6 /* SuggestOfferViewController.swift */; };
		D6381EBD24ADD4C5004569D6 /* VouchersViewController.swift in Sources */ = {isa = PBXBuildFile; fileRef = D6381EBC24ADD4C5004569D6 /* VouchersViewController.swift */; };
		D6381EBF24ADD4DA004569D6 /* CommunicateUsViewController.swift in Sources */ = {isa = PBXBuildFile; fileRef = D6381EBE24ADD4DA004569D6 /* CommunicateUsViewController.swift */; };
		D641E9AB249F3031001851A9 /* AppDelegate.swift in Sources */ = {isa = PBXBuildFile; fileRef = D641E9AA249F3031001851A9 /* AppDelegate.swift */; };
		D641E9AD249F3031001851A9 /* SceneDelegate.swift in Sources */ = {isa = PBXBuildFile; fileRef = D641E9AC249F3031001851A9 /* SceneDelegate.swift */; };
		D641E9AF249F3031001851A9 /* ViewController.swift in Sources */ = {isa = PBXBuildFile; fileRef = D641E9AE249F3031001851A9 /* ViewController.swift */; };
		D641E9B2249F3031001851A9 /* Main.storyboard in Resources */ = {isa = PBXBuildFile; fileRef = D641E9B0249F3031001851A9 /* Main.storyboard */; };
		D641E9B4249F3037001851A9 /* Assets.xcassets in Resources */ = {isa = PBXBuildFile; fileRef = D641E9B3249F3037001851A9 /* Assets.xcassets */; };
		D641E9B7249F3037001851A9 /* LaunchScreen.storyboard in Resources */ = {isa = PBXBuildFile; fileRef = D641E9B5249F3037001851A9 /* LaunchScreen.storyboard */; };
		D6521A4924F4F62A00382FFD /* Trademark.swift in Sources */ = {isa = PBXBuildFile; fileRef = D6521A4824F4F62A00382FFD /* Trademark.swift */; };
		D6521A4B24F5215D00382FFD /* AdminTrademarksViewController.swift in Sources */ = {isa = PBXBuildFile; fileRef = D6521A4A24F5215D00382FFD /* AdminTrademarksViewController.swift */; };
		D65880C22508B22D00BE29F9 /* TrademarkCell.swift in Sources */ = {isa = PBXBuildFile; fileRef = D65880C12508B22D00BE29F9 /* TrademarkCell.swift */; };
		D65880C42508B29A00BE29F9 /* TrademarkTableVC.swift in Sources */ = {isa = PBXBuildFile; fileRef = D65880C32508B29A00BE29F9 /* TrademarkTableVC.swift */; };
		D65DA8C624C48C5F00092918 /* CustomCells.xib in Resources */ = {isa = PBXBuildFile; fileRef = D65DA8C324C4366300092918 /* CustomCells.xib */; };
		D65DA8CA24C5BB3200092918 /* FamilyCollectionViewCell.swift in Sources */ = {isa = PBXBuildFile; fileRef = D65DA8C924C5BB3200092918 /* FamilyCollectionViewCell.swift */; };
		D6979632250E4320006439BD /* BigOffersViewController.swift in Sources */ = {isa = PBXBuildFile; fileRef = D6979631250E4320006439BD /* BigOffersViewController.swift */; };
		D6A8F37F24F3B537007DDBDB /* RegionViewController.swift in Sources */ = {isa = PBXBuildFile; fileRef = D6A8F37E24F3B537007DDBDB /* RegionViewController.swift */; };
		D6A8F38A24F3BFFD007DDBDB /* ReviewSuggestionsViewController.swift in Sources */ = {isa = PBXBuildFile; fileRef = D6A8F38924F3BFFD007DDBDB /* ReviewSuggestionsViewController.swift */; };
		D6A8F38C24F3C029007DDBDB /* AdminRegionsViewController.swift in Sources */ = {isa = PBXBuildFile; fileRef = D6A8F38B24F3C029007DDBDB /* AdminRegionsViewController.swift */; };
		D6A8F38E24F3C07E007DDBDB /* employeesViewController.swift in Sources */ = {isa = PBXBuildFile; fileRef = D6A8F38D24F3C07E007DDBDB /* employeesViewController.swift */; };
		D6A8F39024F3C099007DDBDB /* EndOffersViewController.swift in Sources */ = {isa = PBXBuildFile; fileRef = D6A8F38F24F3C099007DDBDB /* EndOffersViewController.swift */; };
		D6A8F39224F3C15D007DDBDB /* AdminHomeViewController.swift in Sources */ = {isa = PBXBuildFile; fileRef = D6A8F39124F3C15D007DDBDB /* AdminHomeViewController.swift */; };
		D6D029FE250779EB0016F1AF /* AdminTabBar.swift in Sources */ = {isa = PBXBuildFile; fileRef = D6D029FD250779EB0016F1AF /* AdminTabBar.swift */; };
		D6D150E424BB38CE00547B97 /* ScannerViewController.swift in Sources */ = {isa = PBXBuildFile; fileRef = D6D150E324BB38CE00547B97 /* ScannerViewController.swift */; };
		D6D150E624BC6D9C00547B97 /* textField.swift in Sources */ = {isa = PBXBuildFile; fileRef = D6D150E524BC6D9C00547B97 /* textField.swift */; };
		D6D44CCE24A8773E00FAAFAF /* XUI.swift in Sources */ = {isa = PBXBuildFile; fileRef = D6D44CCD24A8773E00FAAFAF /* XUI.swift */; };
		D6D44CD424A8992700FAAFAF /* ChangePassPresenter.swift in Sources */ = {isa = PBXBuildFile; fileRef = D6D44CD324A8992700FAAFAF /* ChangePassPresenter.swift */; };
		D6DA493524C05A6F0020DB22 /* CustomCells.swift in Sources */ = {isa = PBXBuildFile; fileRef = D6DA493424C05A6F0020DB22 /* CustomCells.swift */; };
		D6DC5C0024B5BC320063CF8D /* FAQViewController.swift in Sources */ = {isa = PBXBuildFile; fileRef = D6DC5BFF24B5BC320063CF8D /* FAQViewController.swift */; };
		D6E1285E24A07F6400977D26 /* LoginViewController.swift in Sources */ = {isa = PBXBuildFile; fileRef = D6E1285D24A07F6400977D26 /* LoginViewController.swift */; };
		D6E1286124A0805900977D26 /* XTF.swift in Sources */ = {isa = PBXBuildFile; fileRef = D6E1286024A0805900977D26 /* XTF.swift */; };
		D6E1286324A08E4B00977D26 /* XUB.swift in Sources */ = {isa = PBXBuildFile; fileRef = D6E1286224A08E4B00977D26 /* XUB.swift */; };
		D6E1286524A08EC700977D26 /* UIcolors.swift in Sources */ = {isa = PBXBuildFile; fileRef = D6E1286424A08EC700977D26 /* UIcolors.swift */; };
		D6E1286924A0A55600977D26 /* SignUpViewController.swift in Sources */ = {isa = PBXBuildFile; fileRef = D6E1286824A0A55600977D26 /* SignUpViewController.swift */; };
		D6E1286B24A0B1FE00977D26 /* ResetPassViewController.swift in Sources */ = {isa = PBXBuildFile; fileRef = D6E1286A24A0B1FE00977D26 /* ResetPassViewController.swift */; };
		D6E8F25124BDAA1300A4AA9D /* MakeDropDown.swift in Sources */ = {isa = PBXBuildFile; fileRef = D6E8F25024BDAA1300A4AA9D /* MakeDropDown.swift */; };
		D6E8F25824BDB2AB00A4AA9D /* FamilyMember.swift in Sources */ = {isa = PBXBuildFile; fileRef = D6E8F25724BDB2AB00A4AA9D /* FamilyMember.swift */; };
		D6E8F25A24BF0A8B00A4AA9D /* AddFamilyMemberViewController.swift in Sources */ = {isa = PBXBuildFile; fileRef = D6E8F25924BF0A8B00A4AA9D /* AddFamilyMemberViewController.swift */; };
		D6F89BBE24A204CC000357BF /* homeViewController.swift in Sources */ = {isa = PBXBuildFile; fileRef = D6F89BBD24A204CC000357BF /* homeViewController.swift */; };
		D6FF724024A49C4400EFA660 /* ProfileViewController.swift in Sources */ = {isa = PBXBuildFile; fileRef = D6FF723F24A49C4400EFA660 /* ProfileViewController.swift */; };
		D6FF724224A4A09000EFA660 /* EditProfileViewController.swift in Sources */ = {isa = PBXBuildFile; fileRef = D6FF724124A4A09000EFA660 /* EditProfileViewController.swift */; };
		D6FF724424A4A0A400EFA660 /* ChangePasswordViewController.swift in Sources */ = {isa = PBXBuildFile; fileRef = D6FF724324A4A0A400EFA660 /* ChangePasswordViewController.swift */; };
		D6FF724624A4A52100EFA660 /* profileTextField.swift in Sources */ = {isa = PBXBuildFile; fileRef = D6FF724524A4A52100EFA660 /* profileTextField.swift */; };
		E703C8AB252079C300C5F110 /* searchResult.swift in Sources */ = {isa = PBXBuildFile; fileRef = E703C8AA252079C300C5F110 /* searchResult.swift */; };
		E703C8AD2520AA5D00C5F110 /* trademarkCell.swift in Sources */ = {isa = PBXBuildFile; fileRef = E703C8AC2520AA5D00C5F110 /* trademarkCell.swift */; };
		E703C8AF2521C02700C5F110 /* trademarkCell.xib in Resources */ = {isa = PBXBuildFile; fileRef = E703C8AE2521C02700C5F110 /* trademarkCell.xib */; };
		E73789D92523017500DF6FC1 /* filterViewController.swift in Sources */ = {isa = PBXBuildFile; fileRef = E73789D82523017500DF6FC1 /* filterViewController.swift */; };
		E73A421725120A3F00F45CC5 /* CollectionviewTableCell.xib in Resources */ = {isa = PBXBuildFile; fileRef = E73A421025120A3E00F45CC5 /* CollectionviewTableCell.xib */; };
		E73A421825120A3F00F45CC5 /* DscriptionViewController.xib in Resources */ = {isa = PBXBuildFile; fileRef = E73A421125120A3E00F45CC5 /* DscriptionViewController.xib */; };
		E73A421925120A3F00F45CC5 /* GalleryCollectionViewCell.swift in Sources */ = {isa = PBXBuildFile; fileRef = E73A421225120A3E00F45CC5 /* GalleryCollectionViewCell.swift */; };
		E73A421A25120A3F00F45CC5 /* CollectionviewTableCell.swift in Sources */ = {isa = PBXBuildFile; fileRef = E73A421325120A3F00F45CC5 /* CollectionviewTableCell.swift */; };
		E73A421B25120A3F00F45CC5 /* DscriptionViewController.swift in Sources */ = {isa = PBXBuildFile; fileRef = E73A421425120A3F00F45CC5 /* DscriptionViewController.swift */; };
		E73A421C25120A3F00F45CC5 /* GalleryCollectionViewCell.xib in Resources */ = {isa = PBXBuildFile; fileRef = E73A421525120A3F00F45CC5 /* GalleryCollectionViewCell.xib */; };
		E7784CBD2518FDC50020BDB0 /* launcViewController.swift in Sources */ = {isa = PBXBuildFile; fileRef = E7784CBC2518FDC50020BDB0 /* launcViewController.swift */; };
		E7784CC12518FFB60020BDB0 /* userData.swift in Sources */ = {isa = PBXBuildFile; fileRef = E7784CC02518FFB60020BDB0 /* userData.swift */; };
		E7784CCC251A0A570020BDB0 /* singleTrademarkResult.swift in Sources */ = {isa = PBXBuildFile; fileRef = E7784CCA251A0A570020BDB0 /* singleTrademarkResult.swift */; };
		E7784CCD251A0A570020BDB0 /* singleTrademarkResult.xib in Resources */ = {isa = PBXBuildFile; fileRef = E7784CCB251A0A570020BDB0 /* singleTrademarkResult.xib */; };
		E78DAF86251A355B000FC30E /* searchResultsCell.swift in Sources */ = {isa = PBXBuildFile; fileRef = E78DAF84251A355B000FC30E /* searchResultsCell.swift */; };
		E78DAF87251A355B000FC30E /* searchResultsCell.xib in Resources */ = {isa = PBXBuildFile; fileRef = E78DAF85251A355B000FC30E /* searchResultsCell.xib */; };
		E7ABDCFB25173DF900B6C4B9 /* stc_font_regular.ttf in Resources */ = {isa = PBXBuildFile; fileRef = E7ABDCFA25173DF900B6C4B9 /* stc_font_regular.ttf */; };
		E7ABDCFD2517710B00B6C4B9 /* Offer.swift in Sources */ = {isa = PBXBuildFile; fileRef = E7ABDCFC2517710B00B6C4B9 /* Offer.swift */; };
		E7ABDCFF251771F500B6C4B9 /* Branch.swift in Sources */ = {isa = PBXBuildFile; fileRef = E7ABDCFE251771F500B6C4B9 /* Branch.swift */; };
/* End PBXBuildFile section */

/* Begin PBXFileReference section */
		23096477DA04583DCAF7E84F /* Pods-MC Mazaya.release.xcconfig */ = {isa = PBXFileReference; includeInIndex = 1; lastKnownFileType = text.xcconfig; name = "Pods-MC Mazaya.release.xcconfig"; path = "Target Support Files/Pods-MC Mazaya/Pods-MC Mazaya.release.xcconfig"; sourceTree = "<group>"; };
		3B97E2C624A346D200D0D965 /* BaseCell.swift */ = {isa = PBXFileReference; lastKnownFileType = sourcecode.swift; path = BaseCell.swift; sourceTree = "<group>"; };
		3B97E2C824A346D900D0D965 /* BaseListController.swift */ = {isa = PBXFileReference; lastKnownFileType = sourcecode.swift; path = BaseListController.swift; sourceTree = "<group>"; };
		3B97E2CA24A346DC00D0D965 /* DownloaderX.swift */ = {isa = PBXFileReference; lastKnownFileType = sourcecode.swift; path = DownloaderX.swift; sourceTree = "<group>"; };
		3B97E2CC24A346E000D0D965 /* ExpertTabBarController.swift */ = {isa = PBXFileReference; lastKnownFileType = sourcecode.swift; path = ExpertTabBarController.swift; sourceTree = "<group>"; };
		3B97E2CE24A346E300D0D965 /* HeaderCell.swift */ = {isa = PBXFileReference; lastKnownFileType = sourcecode.swift; path = HeaderCell.swift; sourceTree = "<group>"; };
		3B97E2D024A346E700D0D965 /* MainTabBarController.swift */ = {isa = PBXFileReference; lastKnownFileType = sourcecode.swift; path = MainTabBarController.swift; sourceTree = "<group>"; };
		3BD352F424FD1D560053BC66 /* stc_font_light.otf */ = {isa = PBXFileReference; lastKnownFileType = file; path = stc_font_light.otf; sourceTree = "<group>"; };
		3BD3530824FD26250053BC66 /* CustomSegmentedControl.swift */ = {isa = PBXFileReference; fileEncoding = 4; lastKnownFileType = sourcecode.swift; path = CustomSegmentedControl.swift; sourceTree = "<group>"; };
		3BD3530924FD26260053BC66 /* CustomSegmentedControlDelegate.swift */ = {isa = PBXFileReference; fileEncoding = 4; lastKnownFileType = sourcecode.swift; path = CustomSegmentedControlDelegate.swift; sourceTree = "<group>"; };
		3BD3530E24FDACA40053BC66 /* homePageViewController.swift */ = {isa = PBXFileReference; fileEncoding = 4; lastKnownFileType = sourcecode.swift; path = homePageViewController.swift; sourceTree = "<group>"; };
		A92802EE2524946B00C67FB3 /* UISegmentedControl.swift */ = {isa = PBXFileReference; fileEncoding = 4; lastKnownFileType = sourcecode.swift; path = UISegmentedControl.swift; sourceTree = "<group>"; };
		A99D996524FF8AB50035D2FF /* GoogleService-Info.plist */ = {isa = PBXFileReference; fileEncoding = 4; lastKnownFileType = text.plist.xml; path = "GoogleService-Info.plist"; sourceTree = "<group>"; };
		A99D996724FF93900035D2FF /* Utilities.swift */ = {isa = PBXFileReference; fileEncoding = 4; lastKnownFileType = sourcecode.swift; path = Utilities.swift; sourceTree = "<group>"; };
		A99D996924FF93B20035D2FF /* AddTrademark.swift */ = {isa = PBXFileReference; fileEncoding = 4; lastKnownFileType = sourcecode.swift; path = AddTrademark.swift; sourceTree = "<group>"; };
		A99D996A24FF93B20035D2FF /* AddOffersViewController.swift */ = {isa = PBXFileReference; fileEncoding = 4; lastKnownFileType = sourcecode.swift; path = AddOffersViewController.swift; sourceTree = "<group>"; };
		A99D996B24FF93B20035D2FF /* BranchesViewController.swift */ = {isa = PBXFileReference; fileEncoding = 4; lastKnownFileType = sourcecode.swift; path = BranchesViewController.swift; sourceTree = "<group>"; };
		AA67390707D5EA351875ADF8 /* Pods_MC_Mazaya.framework */ = {isa = PBXFileReference; explicitFileType = wrapper.framework; includeInIndex = 0; path = Pods_MC_Mazaya.framework; sourceTree = BUILT_PRODUCTS_DIR; };
		C637480B2916BA532CF0622D /* Pods-MC Mazaya.debug.xcconfig */ = {isa = PBXFileReference; includeInIndex = 1; lastKnownFileType = text.xcconfig; name = "Pods-MC Mazaya.debug.xcconfig"; path = "Target Support Files/Pods-MC Mazaya/Pods-MC Mazaya.debug.xcconfig"; sourceTree = "<group>"; };
		D60B6BDC24FFA40E006552AC /* Category.swift */ = {isa = PBXFileReference; lastKnownFileType = sourcecode.swift; path = Category.swift; sourceTree = "<group>"; };
		D619D71124F16C570037150E /* MyFamilyViewController.swift */ = {isa = PBXFileReference; lastKnownFileType = sourcecode.swift; path = MyFamilyViewController.swift; sourceTree = "<group>"; };
		D619D71324F171EB0037150E /* familyCell.swift */ = {isa = PBXFileReference; lastKnownFileType = sourcecode.swift; path = familyCell.swift; sourceTree = "<group>"; };
		D620C51C24B1C35E0085B937 /* MapViewController.swift */ = {isa = PBXFileReference; lastKnownFileType = sourcecode.swift; path = MapViewController.swift; sourceTree = "<group>"; };
		D6381EA824AB3B1F004569D6 /* TabBarController.swift */ = {isa = PBXFileReference; lastKnownFileType = sourcecode.swift; path = TabBarController.swift; sourceTree = "<group>"; };
		D6381EAA24AC89F7004569D6 /* EditProfilePresenter.swift */ = {isa = PBXFileReference; lastKnownFileType = sourcecode.swift; path = EditProfilePresenter.swift; sourceTree = "<group>"; };
		D6381EAC24AC921D004569D6 /* profilePresenter.swift */ = {isa = PBXFileReference; lastKnownFileType = sourcecode.swift; path = profilePresenter.swift; sourceTree = "<group>"; };
		D6381EB024ADD3F7004569D6 /* FamilyViewController.swift */ = {isa = PBXFileReference; lastKnownFileType = sourcecode.swift; path = FamilyViewController.swift; sourceTree = "<group>"; };
		D6381EB424ADD461004569D6 /* FavoriteViewController.swift */ = {isa = PBXFileReference; lastKnownFileType = sourcecode.swift; path = FavoriteViewController.swift; sourceTree = "<group>"; };
		D6381EB624ADD479004569D6 /* NewOffersViewController.swift */ = {isa = PBXFileReference; lastKnownFileType = sourcecode.swift; path = NewOffersViewController.swift; sourceTree = "<group>"; };
		D6381EB824ADD48E004569D6 /* UsedOffersViewController.swift */ = {isa = PBXFileReference; lastKnownFileType = sourcecode.swift; path = UsedOffersViewController.swift; sourceTree = "<group>"; };
		D6381EBA24ADD4A5004569D6 /* SuggestOfferViewController.swift */ = {isa = PBXFileReference; lastKnownFileType = sourcecode.swift; path = SuggestOfferViewController.swift; sourceTree = "<group>"; };
		D6381EBC24ADD4C5004569D6 /* VouchersViewController.swift */ = {isa = PBXFileReference; lastKnownFileType = sourcecode.swift; path = VouchersViewController.swift; sourceTree = "<group>"; };
		D6381EBE24ADD4DA004569D6 /* CommunicateUsViewController.swift */ = {isa = PBXFileReference; lastKnownFileType = sourcecode.swift; path = CommunicateUsViewController.swift; sourceTree = "<group>"; };
		D63C3F652511F996004A4CF5 /* CollectionviewTableCell */ = {isa = PBXFileReference; lastKnownFileType = folder; name = CollectionviewTableCell; path = ../../../../Users/danaalhaqbani/Downloads/CollectionviewTableCell; sourceTree = "<group>"; };
		D641E9A7249F3031001851A9 /* MC Mazaya.app */ = {isa = PBXFileReference; explicitFileType = wrapper.application; includeInIndex = 0; path = "MC Mazaya.app"; sourceTree = BUILT_PRODUCTS_DIR; };
		D641E9AA249F3031001851A9 /* AppDelegate.swift */ = {isa = PBXFileReference; lastKnownFileType = sourcecode.swift; path = AppDelegate.swift; sourceTree = "<group>"; };
		D641E9AC249F3031001851A9 /* SceneDelegate.swift */ = {isa = PBXFileReference; lastKnownFileType = sourcecode.swift; path = SceneDelegate.swift; sourceTree = "<group>"; };
		D641E9AE249F3031001851A9 /* ViewController.swift */ = {isa = PBXFileReference; lastKnownFileType = sourcecode.swift; path = ViewController.swift; sourceTree = "<group>"; };
		D641E9B1249F3031001851A9 /* Base */ = {isa = PBXFileReference; lastKnownFileType = file.storyboard; name = Base; path = Base.lproj/Main.storyboard; sourceTree = "<group>"; };
		D641E9B3249F3037001851A9 /* Assets.xcassets */ = {isa = PBXFileReference; lastKnownFileType = folder.assetcatalog; path = Assets.xcassets; sourceTree = "<group>"; };
		D641E9B6249F3037001851A9 /* Base */ = {isa = PBXFileReference; lastKnownFileType = file.storyboard; name = Base; path = Base.lproj/LaunchScreen.storyboard; sourceTree = "<group>"; };
		D641E9B8249F3037001851A9 /* Info.plist */ = {isa = PBXFileReference; lastKnownFileType = text.plist.xml; path = Info.plist; sourceTree = "<group>"; };
		D6521A4824F4F62A00382FFD /* Trademark.swift */ = {isa = PBXFileReference; lastKnownFileType = sourcecode.swift; path = Trademark.swift; sourceTree = "<group>"; };
		D6521A4A24F5215D00382FFD /* AdminTrademarksViewController.swift */ = {isa = PBXFileReference; lastKnownFileType = sourcecode.swift; path = AdminTrademarksViewController.swift; sourceTree = "<group>"; };
		D65880C12508B22D00BE29F9 /* TrademarkCell.swift */ = {isa = PBXFileReference; lastKnownFileType = sourcecode.swift; path = TrademarkCell.swift; sourceTree = "<group>"; };
		D65880C32508B29A00BE29F9 /* TrademarkTableVC.swift */ = {isa = PBXFileReference; lastKnownFileType = sourcecode.swift; path = TrademarkTableVC.swift; sourceTree = "<group>"; };
		D65DA8C324C4366300092918 /* CustomCells.xib */ = {isa = PBXFileReference; lastKnownFileType = file.xib; path = CustomCells.xib; sourceTree = "<group>"; };
		D65DA8C924C5BB3200092918 /* FamilyCollectionViewCell.swift */ = {isa = PBXFileReference; lastKnownFileType = sourcecode.swift; path = FamilyCollectionViewCell.swift; sourceTree = "<group>"; };
		D6979631250E4320006439BD /* BigOffersViewController.swift */ = {isa = PBXFileReference; lastKnownFileType = sourcecode.swift; path = BigOffersViewController.swift; sourceTree = "<group>"; };
		D6A8F37E24F3B537007DDBDB /* RegionViewController.swift */ = {isa = PBXFileReference; lastKnownFileType = sourcecode.swift; path = RegionViewController.swift; sourceTree = "<group>"; };
		D6A8F38924F3BFFD007DDBDB /* ReviewSuggestionsViewController.swift */ = {isa = PBXFileReference; lastKnownFileType = sourcecode.swift; path = ReviewSuggestionsViewController.swift; sourceTree = "<group>"; };
		D6A8F38B24F3C029007DDBDB /* AdminRegionsViewController.swift */ = {isa = PBXFileReference; lastKnownFileType = sourcecode.swift; path = AdminRegionsViewController.swift; sourceTree = "<group>"; };
		D6A8F38D24F3C07E007DDBDB /* employeesViewController.swift */ = {isa = PBXFileReference; lastKnownFileType = sourcecode.swift; path = employeesViewController.swift; sourceTree = "<group>"; };
		D6A8F38F24F3C099007DDBDB /* EndOffersViewController.swift */ = {isa = PBXFileReference; lastKnownFileType = sourcecode.swift; path = EndOffersViewController.swift; sourceTree = "<group>"; };
		D6A8F39124F3C15D007DDBDB /* AdminHomeViewController.swift */ = {isa = PBXFileReference; lastKnownFileType = sourcecode.swift; path = AdminHomeViewController.swift; sourceTree = "<group>"; };
		D6D029FD250779EB0016F1AF /* AdminTabBar.swift */ = {isa = PBXFileReference; lastKnownFileType = sourcecode.swift; path = AdminTabBar.swift; sourceTree = "<group>"; };
		D6D150E324BB38CE00547B97 /* ScannerViewController.swift */ = {isa = PBXFileReference; lastKnownFileType = sourcecode.swift; path = ScannerViewController.swift; sourceTree = "<group>"; };
		D6D150E524BC6D9C00547B97 /* textField.swift */ = {isa = PBXFileReference; lastKnownFileType = sourcecode.swift; path = textField.swift; sourceTree = "<group>"; };
		D6D44CCD24A8773E00FAAFAF /* XUI.swift */ = {isa = PBXFileReference; lastKnownFileType = sourcecode.swift; path = XUI.swift; sourceTree = "<group>"; };
		D6D44CD324A8992700FAAFAF /* ChangePassPresenter.swift */ = {isa = PBXFileReference; lastKnownFileType = sourcecode.swift; path = ChangePassPresenter.swift; sourceTree = "<group>"; };
		D6DA493424C05A6F0020DB22 /* CustomCells.swift */ = {isa = PBXFileReference; lastKnownFileType = sourcecode.swift; path = CustomCells.swift; sourceTree = "<group>"; };
		D6DC5BFF24B5BC320063CF8D /* FAQViewController.swift */ = {isa = PBXFileReference; lastKnownFileType = sourcecode.swift; path = FAQViewController.swift; sourceTree = "<group>"; };
		D6E1285D24A07F6400977D26 /* LoginViewController.swift */ = {isa = PBXFileReference; lastKnownFileType = sourcecode.swift; path = LoginViewController.swift; sourceTree = "<group>"; };
		D6E1286024A0805900977D26 /* XTF.swift */ = {isa = PBXFileReference; lastKnownFileType = sourcecode.swift; path = XTF.swift; sourceTree = "<group>"; };
		D6E1286224A08E4B00977D26 /* XUB.swift */ = {isa = PBXFileReference; lastKnownFileType = sourcecode.swift; path = XUB.swift; sourceTree = "<group>"; };
		D6E1286424A08EC700977D26 /* UIcolors.swift */ = {isa = PBXFileReference; lastKnownFileType = sourcecode.swift; path = UIcolors.swift; sourceTree = "<group>"; };
		D6E1286824A0A55600977D26 /* SignUpViewController.swift */ = {isa = PBXFileReference; lastKnownFileType = sourcecode.swift; path = SignUpViewController.swift; sourceTree = "<group>"; };
		D6E1286A24A0B1FE00977D26 /* ResetPassViewController.swift */ = {isa = PBXFileReference; lastKnownFileType = sourcecode.swift; path = ResetPassViewController.swift; sourceTree = "<group>"; };
		D6E8F25024BDAA1300A4AA9D /* MakeDropDown.swift */ = {isa = PBXFileReference; lastKnownFileType = sourcecode.swift; path = MakeDropDown.swift; sourceTree = "<group>"; };
		D6E8F25724BDB2AB00A4AA9D /* FamilyMember.swift */ = {isa = PBXFileReference; lastKnownFileType = sourcecode.swift; path = FamilyMember.swift; sourceTree = "<group>"; };
		D6E8F25924BF0A8B00A4AA9D /* AddFamilyMemberViewController.swift */ = {isa = PBXFileReference; lastKnownFileType = sourcecode.swift; path = AddFamilyMemberViewController.swift; sourceTree = "<group>"; };
		D6F89BBD24A204CC000357BF /* homeViewController.swift */ = {isa = PBXFileReference; lastKnownFileType = sourcecode.swift; path = homeViewController.swift; sourceTree = "<group>"; };
		D6FF723F24A49C4400EFA660 /* ProfileViewController.swift */ = {isa = PBXFileReference; lastKnownFileType = sourcecode.swift; path = ProfileViewController.swift; sourceTree = "<group>"; };
		D6FF724124A4A09000EFA660 /* EditProfileViewController.swift */ = {isa = PBXFileReference; lastKnownFileType = sourcecode.swift; path = EditProfileViewController.swift; sourceTree = "<group>"; };
		D6FF724324A4A0A400EFA660 /* ChangePasswordViewController.swift */ = {isa = PBXFileReference; lastKnownFileType = sourcecode.swift; path = ChangePasswordViewController.swift; sourceTree = "<group>"; };
		D6FF724524A4A52100EFA660 /* profileTextField.swift */ = {isa = PBXFileReference; lastKnownFileType = sourcecode.swift; path = profileTextField.swift; sourceTree = "<group>"; };
		E703C8AA252079C300C5F110 /* searchResult.swift */ = {isa = PBXFileReference; lastKnownFileType = sourcecode.swift; path = searchResult.swift; sourceTree = "<group>"; };
		E703C8AC2520AA5D00C5F110 /* trademarkCell.swift */ = {isa = PBXFileReference; lastKnownFileType = sourcecode.swift; path = trademarkCell.swift; sourceTree = "<group>"; };
		E703C8AE2521C02700C5F110 /* trademarkCell.xib */ = {isa = PBXFileReference; fileEncoding = 4; lastKnownFileType = file.xib; name = trademarkCell.xib; path = "MC Mazaya/CollectionviewTableCell/trademarkCell.xib"; sourceTree = SOURCE_ROOT; };
		E73789D82523017500DF6FC1 /* filterViewController.swift */ = {isa = PBXFileReference; lastKnownFileType = sourcecode.swift; path = filterViewController.swift; sourceTree = "<group>"; };
		E73A421025120A3E00F45CC5 /* CollectionviewTableCell.xib */ = {isa = PBXFileReference; fileEncoding = 4; lastKnownFileType = file.xib; path = CollectionviewTableCell.xib; sourceTree = "<group>"; };
		E73A421125120A3E00F45CC5 /* DscriptionViewController.xib */ = {isa = PBXFileReference; fileEncoding = 4; lastKnownFileType = file.xib; path = DscriptionViewController.xib; sourceTree = "<group>"; };
		E73A421225120A3E00F45CC5 /* GalleryCollectionViewCell.swift */ = {isa = PBXFileReference; fileEncoding = 4; lastKnownFileType = sourcecode.swift; path = GalleryCollectionViewCell.swift; sourceTree = "<group>"; };
		E73A421325120A3F00F45CC5 /* CollectionviewTableCell.swift */ = {isa = PBXFileReference; fileEncoding = 4; lastKnownFileType = sourcecode.swift; path = CollectionviewTableCell.swift; sourceTree = "<group>"; };
		E73A421425120A3F00F45CC5 /* DscriptionViewController.swift */ = {isa = PBXFileReference; fileEncoding = 4; lastKnownFileType = sourcecode.swift; path = DscriptionViewController.swift; sourceTree = "<group>"; };
		E73A421525120A3F00F45CC5 /* GalleryCollectionViewCell.xib */ = {isa = PBXFileReference; fileEncoding = 4; lastKnownFileType = file.xib; path = GalleryCollectionViewCell.xib; sourceTree = "<group>"; };
		E7784CBC2518FDC50020BDB0 /* launcViewController.swift */ = {isa = PBXFileReference; lastKnownFileType = sourcecode.swift; path = launcViewController.swift; sourceTree = "<group>"; };
		E7784CC02518FFB60020BDB0 /* userData.swift */ = {isa = PBXFileReference; lastKnownFileType = sourcecode.swift; path = userData.swift; sourceTree = "<group>"; };
		E7784CCA251A0A570020BDB0 /* singleTrademarkResult.swift */ = {isa = PBXFileReference; lastKnownFileType = sourcecode.swift; path = singleTrademarkResult.swift; sourceTree = "<group>"; };
		E7784CCB251A0A570020BDB0 /* singleTrademarkResult.xib */ = {isa = PBXFileReference; lastKnownFileType = file.xib; path = singleTrademarkResult.xib; sourceTree = "<group>"; };
		E78DAF84251A355B000FC30E /* searchResultsCell.swift */ = {isa = PBXFileReference; lastKnownFileType = sourcecode.swift; path = searchResultsCell.swift; sourceTree = "<group>"; };
		E78DAF85251A355B000FC30E /* searchResultsCell.xib */ = {isa = PBXFileReference; lastKnownFileType = file.xib; path = searchResultsCell.xib; sourceTree = "<group>"; };
		E7ABDCFA25173DF900B6C4B9 /* stc_font_regular.ttf */ = {isa = PBXFileReference; lastKnownFileType = file; path = stc_font_regular.ttf; sourceTree = "<group>"; };
		E7ABDCFC2517710B00B6C4B9 /* Offer.swift */ = {isa = PBXFileReference; lastKnownFileType = sourcecode.swift; path = Offer.swift; sourceTree = "<group>"; };
		E7ABDCFE251771F500B6C4B9 /* Branch.swift */ = {isa = PBXFileReference; lastKnownFileType = sourcecode.swift; path = Branch.swift; sourceTree = "<group>"; };
/* End PBXFileReference section */

/* Begin PBXFrameworksBuildPhase section */
		D641E9A4249F3031001851A9 /* Frameworks */ = {
			isa = PBXFrameworksBuildPhase;
			buildActionMask = 2147483647;
			files = (
				116D568DDAAAC0B3B4A41EC0 /* Pods_MC_Mazaya.framework in Frameworks */,
			);
			runOnlyForDeploymentPostprocessing = 0;
		};
/* End PBXFrameworksBuildPhase section */

/* Begin PBXGroup section */
		204BBF201711C9D954913497 /* Pods */ = {
			isa = PBXGroup;
			children = (
				C637480B2916BA532CF0622D /* Pods-MC Mazaya.debug.xcconfig */,
				23096477DA04583DCAF7E84F /* Pods-MC Mazaya.release.xcconfig */,
			);
			path = Pods;
			sourceTree = "<group>";
		};
		3B97E2C324A3455A00D0D965 /* TabBarContro */ = {
			isa = PBXGroup;
			children = (
				3B97E2D024A346E700D0D965 /* MainTabBarController.swift */,
				3B97E2C624A346D200D0D965 /* BaseCell.swift */,
				3B97E2C824A346D900D0D965 /* BaseListController.swift */,
				3B97E2CA24A346DC00D0D965 /* DownloaderX.swift */,
				3B97E2CC24A346E000D0D965 /* ExpertTabBarController.swift */,
				3B97E2CE24A346E300D0D965 /* HeaderCell.swift */,
			);
			path = TabBarContro;
			sourceTree = "<group>";
		};
		3BD3530724FD26000053BC66 /* SegmentedControl */ = {
			isa = PBXGroup;
			children = (
				D63C3F652511F996004A4CF5 /* CollectionviewTableCell */,
				3BD3530824FD26250053BC66 /* CustomSegmentedControl.swift */,
				3BD3530924FD26260053BC66 /* CustomSegmentedControlDelegate.swift */,
				A92802EE2524946B00C67FB3 /* UISegmentedControl.swift */,
			);
			path = SegmentedControl;
			sourceTree = "<group>";
		};
		C656F210F2AF57F7CC302653 /* Frameworks */ = {
			isa = PBXGroup;
			children = (
				AA67390707D5EA351875ADF8 /* Pods_MC_Mazaya.framework */,
			);
			name = Frameworks;
			sourceTree = "<group>";
		};
		D641E99E249F3031001851A9 = {
			isa = PBXGroup;
			children = (
				D641E9A9249F3031001851A9 /* MC Mazaya */,
				D641E9A8249F3031001851A9 /* Products */,
				204BBF201711C9D954913497 /* Pods */,
				C656F210F2AF57F7CC302653 /* Frameworks */,
			);
			sourceTree = "<group>";
		};
		D641E9A8249F3031001851A9 /* Products */ = {
			isa = PBXGroup;
			children = (
				D641E9A7249F3031001851A9 /* MC Mazaya.app */,
			);
			name = Products;
			sourceTree = "<group>";
		};
		D641E9A9249F3031001851A9 /* MC Mazaya */ = {
			isa = PBXGroup;
			children = (
				E73A420E25120A2400F45CC5 /* CollectionviewTableCell */,
				D6A8F38624F3BE3B007DDBDB /* Admin VC */,
				D6E8F25624BDB29200A4AA9D /* Models */,
				D6D44CDB24A8BC3400FAAFAF /* fonts */,
				3B97E2C324A3455A00D0D965 /* TabBarContro */,
				D6E1285F24A0803B00977D26 /* Extensions */,
				3BD3530724FD26000053BC66 /* SegmentedControl */,
				E73789DA25230A0D00DF6FC1 /* Filter */,
				E70D4CDA251E13EC00CC4F47 /* searchResults */,
				3BD3530E24FDACA40053BC66 /* homePageViewController.swift */,
				E7784CBC2518FDC50020BDB0 /* launcViewController.swift */,
				D641E9AA249F3031001851A9 /* AppDelegate.swift */,
				D641E9AC249F3031001851A9 /* SceneDelegate.swift */,
				D641E9AE249F3031001851A9 /* ViewController.swift */,
				D641E9B0249F3031001851A9 /* Main.storyboard */,
				A99D996524FF8AB50035D2FF /* GoogleService-Info.plist */,
				D641E9B3249F3037001851A9 /* Assets.xcassets */,
				D641E9B5249F3037001851A9 /* LaunchScreen.storyboard */,
				D641E9B8249F3037001851A9 /* Info.plist */,
				D6E1285D24A07F6400977D26 /* LoginViewController.swift */,
				D6E1286824A0A55600977D26 /* SignUpViewController.swift */,
				D6E1286A24A0B1FE00977D26 /* ResetPassViewController.swift */,
				D6F89BBD24A204CC000357BF /* homeViewController.swift */,
				D6FF723F24A49C4400EFA660 /* ProfileViewController.swift */,
				D6FF724124A4A09000EFA660 /* EditProfileViewController.swift */,
				D6FF724324A4A0A400EFA660 /* ChangePasswordViewController.swift */,
				D6D44CD324A8992700FAAFAF /* ChangePassPresenter.swift */,
				D6381EA824AB3B1F004569D6 /* TabBarController.swift */,
				D6381EAA24AC89F7004569D6 /* EditProfilePresenter.swift */,
				A99D996A24FF93B20035D2FF /* AddOffersViewController.swift */,
				A99D996924FF93B20035D2FF /* AddTrademark.swift */,
				A99D996B24FF93B20035D2FF /* BranchesViewController.swift */,
				D6381EAC24AC921D004569D6 /* profilePresenter.swift */,
				D6381EB024ADD3F7004569D6 /* FamilyViewController.swift */,
				D6381EB424ADD461004569D6 /* FavoriteViewController.swift */,
				D6381EB624ADD479004569D6 /* NewOffersViewController.swift */,
				D6381EB824ADD48E004569D6 /* UsedOffersViewController.swift */,
				D6381EBA24ADD4A5004569D6 /* SuggestOfferViewController.swift */,
				D6381EBC24ADD4C5004569D6 /* VouchersViewController.swift */,
				D6381EBE24ADD4DA004569D6 /* CommunicateUsViewController.swift */,
				D620C51C24B1C35E0085B937 /* MapViewController.swift */,
				D6DC5BFF24B5BC320063CF8D /* FAQViewController.swift */,
				D6D150E324BB38CE00547B97 /* ScannerViewController.swift */,
				D6E8F25024BDAA1300A4AA9D /* MakeDropDown.swift */,
				D6E8F25924BF0A8B00A4AA9D /* AddFamilyMemberViewController.swift */,
				D6DA493424C05A6F0020DB22 /* CustomCells.swift */,
				D65DA8C924C5BB3200092918 /* FamilyCollectionViewCell.swift */,
				D619D71124F16C570037150E /* MyFamilyViewController.swift */,
				D619D71324F171EB0037150E /* familyCell.swift */,
				D6A8F37E24F3B537007DDBDB /* RegionViewController.swift */,
				D65880C12508B22D00BE29F9 /* TrademarkCell.swift */,
				D65880C32508B29A00BE29F9 /* TrademarkTableVC.swift */,
				D6979631250E4320006439BD /* BigOffersViewController.swift */,
			);
			path = "MC Mazaya";
			sourceTree = "<group>";
		};
		D6A8F38624F3BE3B007DDBDB /* Admin VC */ = {
			isa = PBXGroup;
			children = (
				D6A8F38924F3BFFD007DDBDB /* ReviewSuggestionsViewController.swift */,
				D6A8F38B24F3C029007DDBDB /* AdminRegionsViewController.swift */,
				D6A8F38D24F3C07E007DDBDB /* employeesViewController.swift */,
				D6A8F38F24F3C099007DDBDB /* EndOffersViewController.swift */,
				D6A8F39124F3C15D007DDBDB /* AdminHomeViewController.swift */,
				D6521A4A24F5215D00382FFD /* AdminTrademarksViewController.swift */,
				D6D029FD250779EB0016F1AF /* AdminTabBar.swift */,
			);
			path = "Admin VC";
			sourceTree = "<group>";
		};
		D6D44CDB24A8BC3400FAAFAF /* fonts */ = {
			isa = PBXGroup;
			children = (
				E7ABDCFA25173DF900B6C4B9 /* stc_font_regular.ttf */,
				3BD352F424FD1D560053BC66 /* stc_font_light.otf */,
			);
			path = fonts;
			sourceTree = "<group>";
		};
		D6E1285F24A0803B00977D26 /* Extensions */ = {
			isa = PBXGroup;
			children = (
				D6E1286024A0805900977D26 /* XTF.swift */,
				D6E1286224A08E4B00977D26 /* XUB.swift */,
				A99D996724FF93900035D2FF /* Utilities.swift */,
				D6E1286424A08EC700977D26 /* UIcolors.swift */,
				D6FF724524A4A52100EFA660 /* profileTextField.swift */,
				D6D44CCD24A8773E00FAAFAF /* XUI.swift */,
				D6D150E524BC6D9C00547B97 /* textField.swift */,
				D65DA8C324C4366300092918 /* CustomCells.xib */,
			);
			path = Extensions;
			sourceTree = "<group>";
		};
		D6E8F25624BDB29200A4AA9D /* Models */ = {
			isa = PBXGroup;
			children = (
				D6E8F25724BDB2AB00A4AA9D /* FamilyMember.swift */,
				D6521A4824F4F62A00382FFD /* Trademark.swift */,
				D60B6BDC24FFA40E006552AC /* Category.swift */,
				E7ABDCFC2517710B00B6C4B9 /* Offer.swift */,
				E7ABDCFE251771F500B6C4B9 /* Branch.swift */,
				E7784CC02518FFB60020BDB0 /* userData.swift */,
			);
			path = Models;
			sourceTree = "<group>";
		};
		E70D4CDA251E13EC00CC4F47 /* searchResults */ = {
			isa = PBXGroup;
			children = (
				E703C8AA252079C300C5F110 /* searchResult.swift */,
				E703C8AE2521C02700C5F110 /* trademarkCell.xib */,
				E703C8AC2520AA5D00C5F110 /* trademarkCell.swift */,
			);
			path = searchResults;
			sourceTree = "<group>";
		};
		E73789DA25230A0D00DF6FC1 /* Filter */ = {
			isa = PBXGroup;
			children = (
				E73789D82523017500DF6FC1 /* filterViewController.swift */,
			);
			path = Filter;
			sourceTree = "<group>";
		};
		E73A420E25120A2400F45CC5 /* CollectionviewTableCell */ = {
			isa = PBXGroup;
			children = (
				E73A421325120A3F00F45CC5 /* CollectionviewTableCell.swift */,
				E73A421025120A3E00F45CC5 /* CollectionviewTableCell.xib */,
				E73A421425120A3F00F45CC5 /* DscriptionViewController.swift */,
				E73A421125120A3E00F45CC5 /* DscriptionViewController.xib */,
				E73A421225120A3E00F45CC5 /* GalleryCollectionViewCell.swift */,
				E73A421525120A3F00F45CC5 /* GalleryCollectionViewCell.xib */,
				E78DAF84251A355B000FC30E /* searchResultsCell.swift */,
				E78DAF85251A355B000FC30E /* searchResultsCell.xib */,
				E7784CCA251A0A570020BDB0 /* singleTrademarkResult.swift */,
				E7784CCB251A0A570020BDB0 /* singleTrademarkResult.xib */,
			);
			path = CollectionviewTableCell;
			sourceTree = "<group>";
		};
/* End PBXGroup section */

/* Begin PBXNativeTarget section */
		D641E9A6249F3031001851A9 /* MC Mazaya */ = {
			isa = PBXNativeTarget;
			buildConfigurationList = D641E9BB249F3037001851A9 /* Build configuration list for PBXNativeTarget "MC Mazaya" */;
			buildPhases = (
				1714CF4DB69E5B1DD2043B90 /* [CP] Check Pods Manifest.lock */,
				D641E9A3249F3031001851A9 /* Sources */,
				D641E9A4249F3031001851A9 /* Frameworks */,
				D641E9A5249F3031001851A9 /* Resources */,
				8035A211213A6CA8BFE084F0 /* [CP] Embed Pods Frameworks */,
				EE515E166A32C1A57D5CC39C /* [CP] Copy Pods Resources */,
			);
			buildRules = (
			);
			dependencies = (
			);
			name = "MC Mazaya";
			productName = "MC Mazaya";
			productReference = D641E9A7249F3031001851A9 /* MC Mazaya.app */;
			productType = "com.apple.product-type.application";
		};
/* End PBXNativeTarget section */

/* Begin PBXProject section */
		D641E99F249F3031001851A9 /* Project object */ = {
			isa = PBXProject;
			attributes = {
				LastSwiftUpdateCheck = 1130;
				LastUpgradeCheck = 1130;
				ORGANIZATIONNAME = MC;
				TargetAttributes = {
					D641E9A6249F3031001851A9 = {
						CreatedOnToolsVersion = 11.3.1;
					};
				};
			};
			buildConfigurationList = D641E9A2249F3031001851A9 /* Build configuration list for PBXProject "MC Mazaya" */;
			compatibilityVersion = "Xcode 9.3";
			developmentRegion = en;
			hasScannedForEncodings = 0;
			knownRegions = (
				en,
				Base,
			);
			mainGroup = D641E99E249F3031001851A9;
			productRefGroup = D641E9A8249F3031001851A9 /* Products */;
			projectDirPath = "";
			projectRoot = "";
			targets = (
				D641E9A6249F3031001851A9 /* MC Mazaya */,
			);
		};
/* End PBXProject section */

/* Begin PBXResourcesBuildPhase section */
		D641E9A5249F3031001851A9 /* Resources */ = {
			isa = PBXResourcesBuildPhase;
			buildActionMask = 2147483647;
			files = (
				E78DAF87251A355B000FC30E /* searchResultsCell.xib in Resources */,
				E703C8AF2521C02700C5F110 /* trademarkCell.xib in Resources */,
				E7784CCD251A0A570020BDB0 /* singleTrademarkResult.xib in Resources */,
				3BD352F624FD1D570053BC66 /* stc_font_light.otf in Resources */,
				D65DA8C624C48C5F00092918 /* CustomCells.xib in Resources */,
				E73A421825120A3F00F45CC5 /* DscriptionViewController.xib in Resources */,
				E73A421C25120A3F00F45CC5 /* GalleryCollectionViewCell.xib in Resources */,
				D641E9B7249F3037001851A9 /* LaunchScreen.storyboard in Resources */,
				E73A421725120A3F00F45CC5 /* CollectionviewTableCell.xib in Resources */,
				D641E9B4249F3037001851A9 /* Assets.xcassets in Resources */,
				E7ABDCFB25173DF900B6C4B9 /* stc_font_regular.ttf in Resources */,
				A99D996624FF8AB60035D2FF /* GoogleService-Info.plist in Resources */,
				D641E9B2249F3031001851A9 /* Main.storyboard in Resources */,
			);
			runOnlyForDeploymentPostprocessing = 0;
		};
/* End PBXResourcesBuildPhase section */

/* Begin PBXShellScriptBuildPhase section */
		1714CF4DB69E5B1DD2043B90 /* [CP] Check Pods Manifest.lock */ = {
			isa = PBXShellScriptBuildPhase;
			buildActionMask = 2147483647;
			files = (
			);
			inputFileListPaths = (
			);
			inputPaths = (
				"${PODS_PODFILE_DIR_PATH}/Podfile.lock",
				"${PODS_ROOT}/Manifest.lock",
			);
			name = "[CP] Check Pods Manifest.lock";
			outputFileListPaths = (
			);
			outputPaths = (
				"$(DERIVED_FILE_DIR)/Pods-MC Mazaya-checkManifestLockResult.txt",
			);
			runOnlyForDeploymentPostprocessing = 0;
			shellPath = /bin/sh;
			shellScript = "diff \"${PODS_PODFILE_DIR_PATH}/Podfile.lock\" \"${PODS_ROOT}/Manifest.lock\" > /dev/null\nif [ $? != 0 ] ; then\n    # print error to STDERR\n    echo \"error: The sandbox is not in sync with the Podfile.lock. Run 'pod install' or update your CocoaPods installation.\" >&2\n    exit 1\nfi\n# This output is used by Xcode 'outputs' to avoid re-running this script phase.\necho \"SUCCESS\" > \"${SCRIPT_OUTPUT_FILE_0}\"\n";
			showEnvVarsInLog = 0;
		};
		8035A211213A6CA8BFE084F0 /* [CP] Embed Pods Frameworks */ = {
			isa = PBXShellScriptBuildPhase;
			buildActionMask = 2147483647;
			files = (
			);
			inputFileListPaths = (
				"${PODS_ROOT}/Target Support Files/Pods-MC Mazaya/Pods-MC Mazaya-frameworks-${CONFIGURATION}-input-files.xcfilelist",
			);
			name = "[CP] Embed Pods Frameworks";
			outputFileListPaths = (
				"${PODS_ROOT}/Target Support Files/Pods-MC Mazaya/Pods-MC Mazaya-frameworks-${CONFIGURATION}-output-files.xcfilelist",
			);
			runOnlyForDeploymentPostprocessing = 0;
			shellPath = /bin/sh;
			shellScript = "\"${PODS_ROOT}/Target Support Files/Pods-MC Mazaya/Pods-MC Mazaya-frameworks.sh\"\n";
			showEnvVarsInLog = 0;
		};
		EE515E166A32C1A57D5CC39C /* [CP] Copy Pods Resources */ = {
			isa = PBXShellScriptBuildPhase;
			buildActionMask = 2147483647;
			files = (
			);
			inputFileListPaths = (
				"${PODS_ROOT}/Target Support Files/Pods-MC Mazaya/Pods-MC Mazaya-resources-${CONFIGURATION}-input-files.xcfilelist",
			);
			name = "[CP] Copy Pods Resources";
			outputFileListPaths = (
				"${PODS_ROOT}/Target Support Files/Pods-MC Mazaya/Pods-MC Mazaya-resources-${CONFIGURATION}-output-files.xcfilelist",
			);
			runOnlyForDeploymentPostprocessing = 0;
			shellPath = /bin/sh;
			shellScript = "\"${PODS_ROOT}/Target Support Files/Pods-MC Mazaya/Pods-MC Mazaya-resources.sh\"\n";
			showEnvVarsInLog = 0;
		};
/* End PBXShellScriptBuildPhase section */

/* Begin PBXSourcesBuildPhase section */
		D641E9A3249F3031001851A9 /* Sources */ = {
			isa = PBXSourcesBuildPhase;
			buildActionMask = 2147483647;
			files = (
				D6E8F25124BDAA1300A4AA9D /* MakeDropDown.swift in Sources */,
				D6E1285E24A07F6400977D26 /* LoginViewController.swift in Sources */,
				3B97E2D124A346E700D0D965 /* MainTabBarController.swift in Sources */,
				D6A8F39024F3C099007DDBDB /* EndOffersViewController.swift in Sources */,
				D6E1286524A08EC700977D26 /* UIcolors.swift in Sources */,
				D6E8F25A24BF0A8B00A4AA9D /* AddFamilyMemberViewController.swift in Sources */,
				D6E8F25824BDB2AB00A4AA9D /* FamilyMember.swift in Sources */,
				D6D150E424BB38CE00547B97 /* ScannerViewController.swift in Sources */,
				D6DA493524C05A6F0020DB22 /* CustomCells.swift in Sources */,
				D6A8F37F24F3B537007DDBDB /* RegionViewController.swift in Sources */,
				D6381EBD24ADD4C5004569D6 /* VouchersViewController.swift in Sources */,
				E7784CC12518FFB60020BDB0 /* userData.swift in Sources */,
				D6381EBF24ADD4DA004569D6 /* CommunicateUsViewController.swift in Sources */,
				D6521A4B24F5215D00382FFD /* AdminTrademarksViewController.swift in Sources */,
				D6A8F38C24F3C029007DDBDB /* AdminRegionsViewController.swift in Sources */,
				D6E1286924A0A55600977D26 /* SignUpViewController.swift in Sources */,
				E7ABDCFD2517710B00B6C4B9 /* Offer.swift in Sources */,
				3B97E2CB24A346DC00D0D965 /* DownloaderX.swift in Sources */,
				D65880C42508B29A00BE29F9 /* TrademarkTableVC.swift in Sources */,
				D6FF724424A4A0A400EFA660 /* ChangePasswordViewController.swift in Sources */,
				E73789D92523017500DF6FC1 /* filterViewController.swift in Sources */,
				A99D996C24FF93B20035D2FF /* AddTrademark.swift in Sources */,
				D619D71424F171EB0037150E /* familyCell.swift in Sources */,
				3BD3530B24FD26260053BC66 /* CustomSegmentedControlDelegate.swift in Sources */,
				D65DA8CA24C5BB3200092918 /* FamilyCollectionViewCell.swift in Sources */,
				E7784CBD2518FDC50020BDB0 /* launcViewController.swift in Sources */,
				D6D029FE250779EB0016F1AF /* AdminTabBar.swift in Sources */,
				D6381EB124ADD3F7004569D6 /* FamilyViewController.swift in Sources */,
				E7784CCC251A0A570020BDB0 /* singleTrademarkResult.swift in Sources */,
				D6D44CD424A8992700FAAFAF /* ChangePassPresenter.swift in Sources */,
				3BD3530A24FD26260053BC66 /* CustomSegmentedControl.swift in Sources */,
				E7ABDCFF251771F500B6C4B9 /* Branch.swift in Sources */,
				D6F89BBE24A204CC000357BF /* homeViewController.swift in Sources */,
				E703C8AB252079C300C5F110 /* searchResult.swift in Sources */,
				E73A421A25120A3F00F45CC5 /* CollectionviewTableCell.swift in Sources */,
				D6A8F38A24F3BFFD007DDBDB /* ReviewSuggestionsViewController.swift in Sources */,
				D619D71224F16C570037150E /* MyFamilyViewController.swift in Sources */,
				D6FF724624A4A52100EFA660 /* profileTextField.swift in Sources */,
				D6A8F38E24F3C07E007DDBDB /* employeesViewController.swift in Sources */,
				3B97E2C724A346D200D0D965 /* BaseCell.swift in Sources */,
				D6979632250E4320006439BD /* BigOffersViewController.swift in Sources */,
				D6521A4924F4F62A00382FFD /* Trademark.swift in Sources */,
				D6381EAB24AC89F7004569D6 /* EditProfilePresenter.swift in Sources */,
				D65880C22508B22D00BE29F9 /* TrademarkCell.swift in Sources */,
				D6FF724024A49C4400EFA660 /* ProfileViewController.swift in Sources */,
				D6D44CCE24A8773E00FAAFAF /* XUI.swift in Sources */,
				D6381EAD24AC921D004569D6 /* profilePresenter.swift in Sources */,
				D6DC5C0024B5BC320063CF8D /* FAQViewController.swift in Sources */,
				D6FF724224A4A09000EFA660 /* EditProfileViewController.swift in Sources */,
				D6381EB524ADD461004569D6 /* FavoriteViewController.swift in Sources */,
				D6E1286B24A0B1FE00977D26 /* ResetPassViewController.swift in Sources */,
				D6E1286324A08E4B00977D26 /* XUB.swift in Sources */,
				D641E9AF249F3031001851A9 /* ViewController.swift in Sources */,
				D6381EB924ADD48E004569D6 /* UsedOffersViewController.swift in Sources */,
				E703C8AD2520AA5D00C5F110 /* trademarkCell.swift in Sources */,
				D6381EA924AB3B1F004569D6 /* TabBarController.swift in Sources */,
				3B97E2C924A346D900D0D965 /* BaseListController.swift in Sources */,
				A99D996824FF93910035D2FF /* Utilities.swift in Sources */,
				A99D996D24FF93B20035D2FF /* AddOffersViewController.swift in Sources */,
				D6D150E624BC6D9C00547B97 /* textField.swift in Sources */,
				D6381EB724ADD479004569D6 /* NewOffersViewController.swift in Sources */,
				E78DAF86251A355B000FC30E /* searchResultsCell.swift in Sources */,
				D6A8F39224F3C15D007DDBDB /* AdminHomeViewController.swift in Sources */,
				3BD3530F24FDACA40053BC66 /* homePageViewController.swift in Sources */,
				D641E9AB249F3031001851A9 /* AppDelegate.swift in Sources */,
				E73A421925120A3F00F45CC5 /* GalleryCollectionViewCell.swift in Sources */,
				D641E9AD249F3031001851A9 /* SceneDelegate.swift in Sources */,
				A99D996E24FF93B20035D2FF /* BranchesViewController.swift in Sources */,
				D620C51D24B1C35E0085B937 /* MapViewController.swift in Sources */,
				D6381EBB24ADD4A5004569D6 /* SuggestOfferViewController.swift in Sources */,
				D6E1286124A0805900977D26 /* XTF.swift in Sources */,
				3B97E2CF24A346E400D0D965 /* HeaderCell.swift in Sources */,
				3B97E2CD24A346E000D0D965 /* ExpertTabBarController.swift in Sources */,
				D60B6BDD24FFA40E006552AC /* Category.swift in Sources */,
				A92802EF2524946B00C67FB3 /* UISegmentedControl.swift in Sources */,
				E73A421B25120A3F00F45CC5 /* DscriptionViewController.swift in Sources */,
			);
			runOnlyForDeploymentPostprocessing = 0;
		};
/* End PBXSourcesBuildPhase section */

/* Begin PBXVariantGroup section */
		D641E9B0249F3031001851A9 /* Main.storyboard */ = {
			isa = PBXVariantGroup;
			children = (
				D641E9B1249F3031001851A9 /* Base */,
			);
			name = Main.storyboard;
			sourceTree = "<group>";
		};
		D641E9B5249F3037001851A9 /* LaunchScreen.storyboard */ = {
			isa = PBXVariantGroup;
			children = (
				D641E9B6249F3037001851A9 /* Base */,
			);
			name = LaunchScreen.storyboard;
			sourceTree = "<group>";
		};
/* End PBXVariantGroup section */

/* Begin XCBuildConfiguration section */
		D641E9B9249F3037001851A9 /* Debug */ = {
			isa = XCBuildConfiguration;
			buildSettings = {
				ALWAYS_SEARCH_USER_PATHS = NO;
				CLANG_ANALYZER_NONNULL = YES;
				CLANG_ANALYZER_NUMBER_OBJECT_CONVERSION = YES_AGGRESSIVE;
				CLANG_CXX_LANGUAGE_STANDARD = "gnu++14";
				CLANG_CXX_LIBRARY = "libc++";
				CLANG_ENABLE_MODULES = YES;
				CLANG_ENABLE_OBJC_ARC = YES;
				CLANG_ENABLE_OBJC_WEAK = YES;
				CLANG_WARN_BLOCK_CAPTURE_AUTORELEASING = YES;
				CLANG_WARN_BOOL_CONVERSION = YES;
				CLANG_WARN_COMMA = YES;
				CLANG_WARN_CONSTANT_CONVERSION = YES;
				CLANG_WARN_DEPRECATED_OBJC_IMPLEMENTATIONS = YES;
				CLANG_WARN_DIRECT_OBJC_ISA_USAGE = YES_ERROR;
				CLANG_WARN_DOCUMENTATION_COMMENTS = YES;
				CLANG_WARN_EMPTY_BODY = YES;
				CLANG_WARN_ENUM_CONVERSION = YES;
				CLANG_WARN_INFINITE_RECURSION = YES;
				CLANG_WARN_INT_CONVERSION = YES;
				CLANG_WARN_NON_LITERAL_NULL_CONVERSION = YES;
				CLANG_WARN_OBJC_IMPLICIT_RETAIN_SELF = YES;
				CLANG_WARN_OBJC_LITERAL_CONVERSION = YES;
				CLANG_WARN_OBJC_ROOT_CLASS = YES_ERROR;
				CLANG_WARN_RANGE_LOOP_ANALYSIS = YES;
				CLANG_WARN_STRICT_PROTOTYPES = YES;
				CLANG_WARN_SUSPICIOUS_MOVE = YES;
				CLANG_WARN_UNGUARDED_AVAILABILITY = YES_AGGRESSIVE;
				CLANG_WARN_UNREACHABLE_CODE = YES;
				CLANG_WARN__DUPLICATE_METHOD_MATCH = YES;
				COPY_PHASE_STRIP = NO;
				DEBUG_INFORMATION_FORMAT = dwarf;
				ENABLE_STRICT_OBJC_MSGSEND = YES;
				ENABLE_TESTABILITY = YES;
				GCC_C_LANGUAGE_STANDARD = gnu11;
				GCC_DYNAMIC_NO_PIC = NO;
				GCC_NO_COMMON_BLOCKS = YES;
				GCC_OPTIMIZATION_LEVEL = 0;
				GCC_PREPROCESSOR_DEFINITIONS = (
					"DEBUG=1",
					"$(inherited)",
				);
				GCC_WARN_64_TO_32_BIT_CONVERSION = YES;
				GCC_WARN_ABOUT_RETURN_TYPE = YES_ERROR;
				GCC_WARN_UNDECLARED_SELECTOR = YES;
				GCC_WARN_UNINITIALIZED_AUTOS = YES_AGGRESSIVE;
				GCC_WARN_UNUSED_FUNCTION = YES;
				GCC_WARN_UNUSED_VARIABLE = YES;
				IPHONEOS_DEPLOYMENT_TARGET = 13.2;
				MTL_ENABLE_DEBUG_INFO = INCLUDE_SOURCE;
				MTL_FAST_MATH = YES;
				ONLY_ACTIVE_ARCH = YES;
				SDKROOT = iphoneos;
				SWIFT_ACTIVE_COMPILATION_CONDITIONS = DEBUG;
				SWIFT_OPTIMIZATION_LEVEL = "-Onone";
			};
			name = Debug;
		};
		D641E9BA249F3037001851A9 /* Release */ = {
			isa = XCBuildConfiguration;
			buildSettings = {
				ALWAYS_SEARCH_USER_PATHS = NO;
				CLANG_ANALYZER_NONNULL = YES;
				CLANG_ANALYZER_NUMBER_OBJECT_CONVERSION = YES_AGGRESSIVE;
				CLANG_CXX_LANGUAGE_STANDARD = "gnu++14";
				CLANG_CXX_LIBRARY = "libc++";
				CLANG_ENABLE_MODULES = YES;
				CLANG_ENABLE_OBJC_ARC = YES;
				CLANG_ENABLE_OBJC_WEAK = YES;
				CLANG_WARN_BLOCK_CAPTURE_AUTORELEASING = YES;
				CLANG_WARN_BOOL_CONVERSION = YES;
				CLANG_WARN_COMMA = YES;
				CLANG_WARN_CONSTANT_CONVERSION = YES;
				CLANG_WARN_DEPRECATED_OBJC_IMPLEMENTATIONS = YES;
				CLANG_WARN_DIRECT_OBJC_ISA_USAGE = YES_ERROR;
				CLANG_WARN_DOCUMENTATION_COMMENTS = YES;
				CLANG_WARN_EMPTY_BODY = YES;
				CLANG_WARN_ENUM_CONVERSION = YES;
				CLANG_WARN_INFINITE_RECURSION = YES;
				CLANG_WARN_INT_CONVERSION = YES;
				CLANG_WARN_NON_LITERAL_NULL_CONVERSION = YES;
				CLANG_WARN_OBJC_IMPLICIT_RETAIN_SELF = YES;
				CLANG_WARN_OBJC_LITERAL_CONVERSION = YES;
				CLANG_WARN_OBJC_ROOT_CLASS = YES_ERROR;
				CLANG_WARN_RANGE_LOOP_ANALYSIS = YES;
				CLANG_WARN_STRICT_PROTOTYPES = YES;
				CLANG_WARN_SUSPICIOUS_MOVE = YES;
				CLANG_WARN_UNGUARDED_AVAILABILITY = YES_AGGRESSIVE;
				CLANG_WARN_UNREACHABLE_CODE = YES;
				CLANG_WARN__DUPLICATE_METHOD_MATCH = YES;
				COPY_PHASE_STRIP = NO;
				DEBUG_INFORMATION_FORMAT = "dwarf-with-dsym";
				ENABLE_NS_ASSERTIONS = NO;
				ENABLE_STRICT_OBJC_MSGSEND = YES;
				GCC_C_LANGUAGE_STANDARD = gnu11;
				GCC_NO_COMMON_BLOCKS = YES;
				GCC_WARN_64_TO_32_BIT_CONVERSION = YES;
				GCC_WARN_ABOUT_RETURN_TYPE = YES_ERROR;
				GCC_WARN_UNDECLARED_SELECTOR = YES;
				GCC_WARN_UNINITIALIZED_AUTOS = YES_AGGRESSIVE;
				GCC_WARN_UNUSED_FUNCTION = YES;
				GCC_WARN_UNUSED_VARIABLE = YES;
				IPHONEOS_DEPLOYMENT_TARGET = 13.2;
				MTL_ENABLE_DEBUG_INFO = NO;
				MTL_FAST_MATH = YES;
				SDKROOT = iphoneos;
				SWIFT_COMPILATION_MODE = wholemodule;
				SWIFT_OPTIMIZATION_LEVEL = "-O";
				VALIDATE_PRODUCT = YES;
			};
			name = Release;
		};
		D641E9BC249F3037001851A9 /* Debug */ = {
			isa = XCBuildConfiguration;
			baseConfigurationReference = C637480B2916BA532CF0622D /* Pods-MC Mazaya.debug.xcconfig */;
			buildSettings = {
				ASSETCATALOG_COMPILER_APPICON_NAME = AppIcon;
				CODE_SIGN_STYLE = Automatic;
				DEVELOPMENT_TEAM = W6PU9BC6FT;
				INFOPLIST_FILE = "MC Mazaya/Info.plist";
				LD_RUNPATH_SEARCH_PATHS = (
					"$(inherited)",
					"@executable_path/Frameworks",
				);
				PRODUCT_BUNDLE_IDENTIFIER = "com.MC.Mazaya.MC-Mazaya";
				PRODUCT_NAME = "$(TARGET_NAME)";
				SWIFT_VERSION = 5.0;
				TARGETED_DEVICE_FAMILY = "1,2";
			};
			name = Debug;
		};
		D641E9BD249F3037001851A9 /* Release */ = {
			isa = XCBuildConfiguration;
			baseConfigurationReference = 23096477DA04583DCAF7E84F /* Pods-MC Mazaya.release.xcconfig */;
			buildSettings = {
				ASSETCATALOG_COMPILER_APPICON_NAME = AppIcon;
				CODE_SIGN_STYLE = Automatic;
				DEVELOPMENT_TEAM = W6PU9BC6FT;
				INFOPLIST_FILE = "MC Mazaya/Info.plist";
				LD_RUNPATH_SEARCH_PATHS = (
					"$(inherited)",
					"@executable_path/Frameworks",
				);
				PRODUCT_BUNDLE_IDENTIFIER = "com.MC.Mazaya.MC-Mazaya";
				PRODUCT_NAME = "$(TARGET_NAME)";
				SWIFT_VERSION = 5.0;
				TARGETED_DEVICE_FAMILY = "1,2";
			};
			name = Release;
		};
/* End XCBuildConfiguration section */

/* Begin XCConfigurationList section */
		D641E9A2249F3031001851A9 /* Build configuration list for PBXProject "MC Mazaya" */ = {
			isa = XCConfigurationList;
			buildConfigurations = (
				D641E9B9249F3037001851A9 /* Debug */,
				D641E9BA249F3037001851A9 /* Release */,
			);
			defaultConfigurationIsVisible = 0;
			defaultConfigurationName = Release;
		};
		D641E9BB249F3037001851A9 /* Build configuration list for PBXNativeTarget "MC Mazaya" */ = {
			isa = XCConfigurationList;
			buildConfigurations = (
				D641E9BC249F3037001851A9 /* Debug */,
				D641E9BD249F3037001851A9 /* Release */,
			);
			defaultConfigurationIsVisible = 0;
			defaultConfigurationName = Release;
		};
/* End XCConfigurationList section */
	};
	rootObject = D641E99F249F3031001851A9 /* Project object */;
}
